<?xml version="1.0" encoding="utf-8"?>
<Project ToolsVersion="4.0" xmlns="http://schemas.microsoft.com/developer/msbuild/2003">
  <ItemGroup>
    <Filter Include="소스 파일">
      <UniqueIdentifier>{4FC737F1-C7A5-4376-A066-2A32D752A2FF}</UniqueIdentifier>
      <Extensions>cpp;c;cc;cxx;c++;cppm;ixx;def;odl;idl;hpj;bat;asm;asmx</Extensions>
    </Filter>
    <Filter Include="리소스 파일">
      <UniqueIdentifier>{67DA6AB6-F800-4c08-8B7A-83BB121AAD01}</UniqueIdentifier>
      <Extensions>rc;ico;cur;bmp;dlg;rc2;rct;bin;rgs;gif;jpg;jpeg;jpe;resx;tiff;tif;png;wav;mfcribbon-ms</Extensions>
    </Filter>
    <Filter Include="소스 파일\Receiver">
      <UniqueIdentifier>{a6c87260-1ef7-47ba-a4e7-e596b8affcf2}</UniqueIdentifier>
    </Filter>
    <Filter Include="소스 파일\Sender">
      <UniqueIdentifier>{05b36c78-361f-443f-be55-5c6baaa8abdd}</UniqueIdentifier>
    </Filter>
  </ItemGroup>
  <ItemGroup>
    <ClInclude Include="typedef.h">
      <Filter>소스 파일</Filter>
    </ClInclude>
    <ClInclude Include="Sender\ISender.h">
      <Filter>소스 파일\Sender</Filter>
    </ClInclude>
    <ClInclude Include="Sender\Sender.h">
      <Filter>소스 파일\Sender</Filter>
    </ClInclude>
    <ClInclude Include="Receiver\IReceiver.h">
      <Filter>소스 파일\Receiver</Filter>
    </ClInclude>
    <ClInclude Include="Receiver\Receiver.h">
      <Filter>소스 파일\Receiver</Filter>
    </ClInclude>
  </ItemGroup>
  <ItemGroup>
    <ClCompile Include="Sender\Sender.cpp">
      <Filter>소스 파일\Sender</Filter>
    </ClCompile>
    <ClCompile Include="Receiver\Receiver.cpp">
      <Filter>소스 파일\Receiver</Filter>
    </ClCompile>
  </ItemGroup>
</Project>