
Microsoft Visual Studio Solution File, Format Version 12.00
# Visual Studio Version 17
VisualStudioVersion = 17.4.33205.214
MinimumVisualStudioVersion = 10.0.40219.1
Project("{8BC9CEB8-8B4A-11D0-8D11-00A0C91BC942}") = "21TestPlatform", "21TestPlatform\21TestPlatform.vcxproj", "{B2532D42-915F-4B91-B1A3-C366120A0149}"
EndProject
Project("{8BC9CEB8-8B4A-11D0-8D11-00A0C91BC942}") = "22TestApplication", "22TestApplication\22TestApplication.vcxproj", "{475D4D0E-D7CE-488D-B20F-12DA3D6E1AD3}"
EndProject
Project("{8BC9CEB8-8B4A-11D0-8D11-00A0C91BC942}") = "13PTechnical", "13PTechnical\13PTechnical.vcxproj", "{5CE5A8E4-587B-451F-B4F7-838344A6B731}"
EndProject
Project("{8BC9CEB8-8B4A-11D0-8D11-00A0C91BC942}") = "01Base", "01Base\01Base.vcxproj", "{E8AAB2FE-D353-4696-B421-A904DF75162A}"
EndProject
Project("{8BC9CEB8-8B4A-11D0-8D11-00A0C91BC942}") = "03Technical", "03Technical\03Technical.vcxproj", "{413A9DD8-79FB-4560-ADAE-92C00DC31B43}"
EndProject
Global
	GlobalSection(SolutionConfigurationPlatforms) = preSolution
		Debug|x64 = Debug|x64
		Debug|x86 = Debug|x86
		Release|x64 = Release|x64
		Release|x86 = Release|x86
	EndGlobalSection
	GlobalSection(ProjectConfigurationPlatforms) = postSolution
		{B2532D42-915F-4B91-B1A3-C366120A0149}.Debug|x64.ActiveCfg = Debug|x64
		{B2532D42-915F-4B91-B1A3-C366120A0149}.Debug|x64.Build.0 = Debug|x64
		{B2532D42-915F-4B91-B1A3-C366120A0149}.Debug|x86.ActiveCfg = Debug|Win32
		{B2532D42-915F-4B91-B1A3-C366120A0149}.Debug|x86.Build.0 = Debug|Win32
		{B2532D42-915F-4B91-B1A3-C366120A0149}.Release|x64.ActiveCfg = Release|x64
		{B2532D42-915F-4B91-B1A3-C366120A0149}.Release|x64.Build.0 = Release|x64
		{B2532D42-915F-4B91-B1A3-C366120A0149}.Release|x86.ActiveCfg = Release|Win32
		{B2532D42-915F-4B91-B1A3-C366120A0149}.Release|x86.Build.0 = Release|Win32
		{475D4D0E-D7CE-488D-B20F-12DA3D6E1AD3}.Debug|x64.ActiveCfg = Debug|x64
		{475D4D0E-D7CE-488D-B20F-12DA3D6E1AD3}.Debug|x64.Build.0 = Debug|x64
		{475D4D0E-D7CE-488D-B20F-12DA3D6E1AD3}.Debug|x86.ActiveCfg = Debug|Win32
		{475D4D0E-D7CE-488D-B20F-12DA3D6E1AD3}.Debug|x86.Build.0 = Debug|Win32
		{475D4D0E-D7CE-488D-B20F-12DA3D6E1AD3}.Release|x64.ActiveCfg = Release|x64
		{475D4D0E-D7CE-488D-B20F-12DA3D6E1AD3}.Release|x64.Build.0 = Release|x64
		{475D4D0E-D7CE-488D-B20F-12DA3D6E1AD3}.Release|x86.ActiveCfg = Release|Win32
		{475D4D0E-D7CE-488D-B20F-12DA3D6E1AD3}.Release|x86.Build.0 = Release|Win32
		{5CE5A8E4-587B-451F-B4F7-838344A6B731}.Debug|x64.ActiveCfg = Debug|x64
		{5CE5A8E4-587B-451F-B4F7-838344A6B731}.Debug|x64.Build.0 = Debug|x64
		{5CE5A8E4-587B-451F-B4F7-838344A6B731}.Debug|x86.ActiveCfg = Debug|Win32
		{5CE5A8E4-587B-451F-B4F7-838344A6B731}.Debug|x86.Build.0 = Debug|Win32
		{5CE5A8E4-587B-451F-B4F7-838344A6B731}.Release|x64.ActiveCfg = Release|x64
		{5CE5A8E4-587B-451F-B4F7-838344A6B731}.Release|x64.Build.0 = Release|x64
		{5CE5A8E4-587B-451F-B4F7-838344A6B731}.Release|x86.ActiveCfg = Release|Win32
		{5CE5A8E4-587B-451F-B4F7-838344A6B731}.Release|x86.Build.0 = Release|Win32
		{E8AAB2FE-D353-4696-B421-A904DF75162A}.Debug|x64.ActiveCfg = Debug|x64
		{E8AAB2FE-D353-4696-B421-A904DF75162A}.Debug|x64.Build.0 = Debug|x64
		{E8AAB2FE-D353-4696-B421-A904DF75162A}.Debug|x86.ActiveCfg = Debug|Win32
		{E8AAB2FE-D353-4696-B421-A904DF75162A}.Debug|x86.Build.0 = Debug|Win32
		{E8AAB2FE-D353-4696-B421-A904DF75162A}.Release|x64.ActiveCfg = Release|x64
		{E8AAB2FE-D353-4696-B421-A904DF75162A}.Release|x64.Build.0 = Release|x64
		{E8AAB2FE-D353-4696-B421-A904DF75162A}.Release|x86.ActiveCfg = Release|Win32
		{E8AAB2FE-D353-4696-B421-A904DF75162A}.Release|x86.Build.0 = Release|Win32
		{413A9DD8-79FB-4560-ADAE-92C00DC31B43}.Debug|x64.ActiveCfg = Debug|x64
		{413A9DD8-79FB-4560-ADAE-92C00DC31B43}.Debug|x64.Build.0 = Debug|x64
		{413A9DD8-79FB-4560-ADAE-92C00DC31B43}.Debug|x86.ActiveCfg = Debug|Win32
		{413A9DD8-79FB-4560-ADAE-92C00DC31B43}.Debug|x86.Build.0 = Debug|Win32
		{413A9DD8-79FB-4560-ADAE-92C00DC31B43}.Release|x64.ActiveCfg = Release|x64
		{413A9DD8-79FB-4560-ADAE-92C00DC31B43}.Release|x64.Build.0 = Release|x64
		{413A9DD8-79FB-4560-ADAE-92C00DC31B43}.Release|x86.ActiveCfg = Release|Win32
		{413A9DD8-79FB-4560-ADAE-92C00DC31B43}.Release|x86.Build.0 = Release|Win32
	EndGlobalSection
	GlobalSection(SolutionProperties) = preSolution
		HideSolutionNode = FALSE
	EndGlobalSection
	GlobalSection(ExtensibilityGlobals) = postSolution
		SolutionGuid = {CF7ECBCF-8757-4EFC-9CB8-F86E058222D9}
	EndGlobalSection
EndGlobal
