
Microsoft Visual Studio Solution File, Format Version 12.00
# Visual Studio Version 17
VisualStudioVersion = 17.4.33205.214
MinimumVisualStudioVersion = 10.0.40219.1
Project("{8BC9CEB8-8B4A-11D0-8D11-00A0C91BC942}") = "1Base", "0Platform\1Base\1Base.vcxproj", "{E8AAB2FE-D353-4696-B421-A904DF75162A}"
EndProject
Project("{8BC9CEB8-8B4A-11D0-8D11-00A0C91BC942}") = "2Platform", "0Platform\2Platform\2Platform.vcxproj", "{502AE8D7-303C-4F50-B18C-FD3D91EA12A5}"
EndProject
Project("{8BC9CEB8-8B4A-11D0-8D11-00A0C91BC942}") = "3Technical", "0Platform\3Technical\3Technical.vcxproj", "{413A9DD8-79FB-4560-ADAE-92C00DC31B43}"
EndProject
Project("{8BC9CEB8-8B4A-11D0-8D11-00A0C91BC942}") = "4Aspect", "0Platform\4Aspect\4Aspect.vcxproj", "{F11EBBAB-EE53-4697-9391-C1AD3547C722}"
EndProject
Project("{8BC9CEB8-8B4A-11D0-8D11-00A0C91BC942}") = "5PPlatform", "0Platform\5PPlatform\5PPlatform.vcxproj", "{D85D7D03-B38B-4770-AF12-8A570AFB1514}"
EndProject
Project("{8BC9CEB8-8B4A-11D0-8D11-00A0C91BC942}") = "6PTechnical", "0Platform\6PTechnical\6PTechnical.vcxproj", "{5CE5A8E4-587B-451F-B4F7-838344A6B731}"
EndProject
Project("{8BC9CEB8-8B4A-11D0-8D11-00A0C91BC942}") = "11TestPlatform", "0Camera\11TestPlatform\11TestPlatform.vcxproj", "{B2532D42-915F-4B91-B1A3-C366120A0149}"
EndProject
Project("{8BC9CEB8-8B4A-11D0-8D11-00A0C91BC942}") = "19TestApplication", "0Camera\19TestApplication\19TestApplication.vcxproj", "{475D4D0E-D7CE-488D-B20F-12DA3D6E1AD3}"
	ProjectSection(ProjectDependencies) = postProject
		{D85D7D03-B38B-4770-AF12-8A570AFB1514} = {D85D7D03-B38B-4770-AF12-8A570AFB1514}
	EndProjectSection
EndProject
Project("{8BC9CEB8-8B4A-11D0-8D11-00A0C91BC942}") = "PApplication", "0Camera\PApplication\PApplication.vcxproj", "{0D712968-D152-4D11-9666-BB7A806B8E90}"
EndProject
Project("{8BC9CEB8-8B4A-11D0-8D11-00A0C91BC942}") = "Domain", "0Camera\Domain\Domain.vcxproj", "{55AF1AFC-15DB-410A-995A-5AA92E84AB80}"
EndProject
Project("{8BC9CEB8-8B4A-11D0-8D11-00A0C91BC942}") = "PDomain", "0Camera\PDomain\PDomain.vcxproj", "{C608611C-1641-4C1D-8470-A37926585EEE}"
EndProject
Project("{8BC9CEB8-8B4A-11D0-8D11-00A0C91BC942}") = "RTSPTestServer", "0Camera\RTSP\RTSPTestServer.vcxproj", "{AA7489FF-D6C4-4D3A-A5F3-CDDB6ECDA3C1}"
EndProject
Global
	GlobalSection(SolutionConfigurationPlatforms) = preSolution
		Debug|x64 = Debug|x64
		Debug|x86 = Debug|x86
		Release|x64 = Release|x64
		Release|x86 = Release|x86
	EndGlobalSection
	GlobalSection(ProjectConfigurationPlatforms) = postSolution
		{E8AAB2FE-D353-4696-B421-A904DF75162A}.Debug|x64.ActiveCfg = Debug|x64
		{E8AAB2FE-D353-4696-B421-A904DF75162A}.Debug|x64.Build.0 = Debug|x64
		{E8AAB2FE-D353-4696-B421-A904DF75162A}.Debug|x86.ActiveCfg = Debug|Win32
		{E8AAB2FE-D353-4696-B421-A904DF75162A}.Debug|x86.Build.0 = Debug|Win32
		{E8AAB2FE-D353-4696-B421-A904DF75162A}.Release|x64.ActiveCfg = Release|x64
		{E8AAB2FE-D353-4696-B421-A904DF75162A}.Release|x64.Build.0 = Release|x64
		{E8AAB2FE-D353-4696-B421-A904DF75162A}.Release|x86.ActiveCfg = Release|Win32
		{E8AAB2FE-D353-4696-B421-A904DF75162A}.Release|x86.Build.0 = Release|Win32
		{502AE8D7-303C-4F50-B18C-FD3D91EA12A5}.Debug|x64.ActiveCfg = Debug|x64
		{502AE8D7-303C-4F50-B18C-FD3D91EA12A5}.Debug|x64.Build.0 = Debug|x64
		{502AE8D7-303C-4F50-B18C-FD3D91EA12A5}.Debug|x86.ActiveCfg = Debug|Win32
		{502AE8D7-303C-4F50-B18C-FD3D91EA12A5}.Debug|x86.Build.0 = Debug|Win32
		{502AE8D7-303C-4F50-B18C-FD3D91EA12A5}.Release|x64.ActiveCfg = Release|x64
		{502AE8D7-303C-4F50-B18C-FD3D91EA12A5}.Release|x64.Build.0 = Release|x64
		{502AE8D7-303C-4F50-B18C-FD3D91EA12A5}.Release|x86.ActiveCfg = Release|Win32
		{502AE8D7-303C-4F50-B18C-FD3D91EA12A5}.Release|x86.Build.0 = Release|Win32
		{413A9DD8-79FB-4560-ADAE-92C00DC31B43}.Debug|x64.ActiveCfg = Debug|x64
		{413A9DD8-79FB-4560-ADAE-92C00DC31B43}.Debug|x64.Build.0 = Debug|x64
		{413A9DD8-79FB-4560-ADAE-92C00DC31B43}.Debug|x86.ActiveCfg = Debug|Win32
		{413A9DD8-79FB-4560-ADAE-92C00DC31B43}.Debug|x86.Build.0 = Debug|Win32
		{413A9DD8-79FB-4560-ADAE-92C00DC31B43}.Release|x64.ActiveCfg = Release|x64
		{413A9DD8-79FB-4560-ADAE-92C00DC31B43}.Release|x64.Build.0 = Release|x64
		{413A9DD8-79FB-4560-ADAE-92C00DC31B43}.Release|x86.ActiveCfg = Release|Win32
		{413A9DD8-79FB-4560-ADAE-92C00DC31B43}.Release|x86.Build.0 = Release|Win32
		{F11EBBAB-EE53-4697-9391-C1AD3547C722}.Debug|x64.ActiveCfg = Debug|x64
		{F11EBBAB-EE53-4697-9391-C1AD3547C722}.Debug|x64.Build.0 = Debug|x64
		{F11EBBAB-EE53-4697-9391-C1AD3547C722}.Debug|x86.ActiveCfg = Debug|Win32
		{F11EBBAB-EE53-4697-9391-C1AD3547C722}.Debug|x86.Build.0 = Debug|Win32
		{F11EBBAB-EE53-4697-9391-C1AD3547C722}.Release|x64.ActiveCfg = Release|x64
		{F11EBBAB-EE53-4697-9391-C1AD3547C722}.Release|x64.Build.0 = Release|x64
		{F11EBBAB-EE53-4697-9391-C1AD3547C722}.Release|x86.ActiveCfg = Release|Win32
		{F11EBBAB-EE53-4697-9391-C1AD3547C722}.Release|x86.Build.0 = Release|Win32
		{D85D7D03-B38B-4770-AF12-8A570AFB1514}.Debug|x64.ActiveCfg = Debug|x64
		{D85D7D03-B38B-4770-AF12-8A570AFB1514}.Debug|x64.Build.0 = Debug|x64
		{D85D7D03-B38B-4770-AF12-8A570AFB1514}.Debug|x86.ActiveCfg = Debug|Win32
		{D85D7D03-B38B-4770-AF12-8A570AFB1514}.Debug|x86.Build.0 = Debug|Win32
		{D85D7D03-B38B-4770-AF12-8A570AFB1514}.Release|x64.ActiveCfg = Release|x64
		{D85D7D03-B38B-4770-AF12-8A570AFB1514}.Release|x64.Build.0 = Release|x64
		{D85D7D03-B38B-4770-AF12-8A570AFB1514}.Release|x86.ActiveCfg = Release|Win32
		{D85D7D03-B38B-4770-AF12-8A570AFB1514}.Release|x86.Build.0 = Release|Win32
		{5CE5A8E4-587B-451F-B4F7-838344A6B731}.Debug|x64.ActiveCfg = Debug|x64
		{5CE5A8E4-587B-451F-B4F7-838344A6B731}.Debug|x64.Build.0 = Debug|x64
		{5CE5A8E4-587B-451F-B4F7-838344A6B731}.Debug|x86.ActiveCfg = Debug|Win32
		{5CE5A8E4-587B-451F-B4F7-838344A6B731}.Debug|x86.Build.0 = Debug|Win32
		{5CE5A8E4-587B-451F-B4F7-838344A6B731}.Release|x64.ActiveCfg = Release|x64
		{5CE5A8E4-587B-451F-B4F7-838344A6B731}.Release|x64.Build.0 = Release|x64
		{5CE5A8E4-587B-451F-B4F7-838344A6B731}.Release|x86.ActiveCfg = Release|Win32
		{5CE5A8E4-587B-451F-B4F7-838344A6B731}.Release|x86.Build.0 = Release|Win32
		{B2532D42-915F-4B91-B1A3-C366120A0149}.Debug|x64.ActiveCfg = Debug|x64
		{B2532D42-915F-4B91-B1A3-C366120A0149}.Debug|x64.Build.0 = Debug|x64
		{B2532D42-915F-4B91-B1A3-C366120A0149}.Debug|x86.ActiveCfg = Debug|Win32
		{B2532D42-915F-4B91-B1A3-C366120A0149}.Debug|x86.Build.0 = Debug|Win32
		{B2532D42-915F-4B91-B1A3-C366120A0149}.Release|x64.ActiveCfg = Release|x64
		{B2532D42-915F-4B91-B1A3-C366120A0149}.Release|x64.Build.0 = Release|x64
		{B2532D42-915F-4B91-B1A3-C366120A0149}.Release|x86.ActiveCfg = Release|Win32
		{B2532D42-915F-4B91-B1A3-C366120A0149}.Release|x86.Build.0 = Release|Win32
		{475D4D0E-D7CE-488D-B20F-12DA3D6E1AD3}.Debug|x64.ActiveCfg = Debug|x64
		{475D4D0E-D7CE-488D-B20F-12DA3D6E1AD3}.Debug|x64.Build.0 = Debug|x64
		{475D4D0E-D7CE-488D-B20F-12DA3D6E1AD3}.Debug|x86.ActiveCfg = Debug|Win32
		{475D4D0E-D7CE-488D-B20F-12DA3D6E1AD3}.Debug|x86.Build.0 = Debug|Win32
		{475D4D0E-D7CE-488D-B20F-12DA3D6E1AD3}.Release|x64.ActiveCfg = Release|x64
		{475D4D0E-D7CE-488D-B20F-12DA3D6E1AD3}.Release|x64.Build.0 = Release|x64
		{475D4D0E-D7CE-488D-B20F-12DA3D6E1AD3}.Release|x86.ActiveCfg = Release|Win32
		{475D4D0E-D7CE-488D-B20F-12DA3D6E1AD3}.Release|x86.Build.0 = Release|Win32
		{0D712968-D152-4D11-9666-BB7A806B8E90}.Debug|x64.ActiveCfg = Debug|x64
		{0D712968-D152-4D11-9666-BB7A806B8E90}.Debug|x64.Build.0 = Debug|x64
		{0D712968-D152-4D11-9666-BB7A806B8E90}.Debug|x86.ActiveCfg = Debug|Win32
		{0D712968-D152-4D11-9666-BB7A806B8E90}.Debug|x86.Build.0 = Debug|Win32
		{0D712968-D152-4D11-9666-BB7A806B8E90}.Release|x64.ActiveCfg = Release|x64
		{0D712968-D152-4D11-9666-BB7A806B8E90}.Release|x64.Build.0 = Release|x64
		{0D712968-D152-4D11-9666-BB7A806B8E90}.Release|x86.ActiveCfg = Release|Win32
		{0D712968-D152-4D11-9666-BB7A806B8E90}.Release|x86.Build.0 = Release|Win32
		{55AF1AFC-15DB-410A-995A-5AA92E84AB80}.Debug|x64.ActiveCfg = Debug|x64
		{55AF1AFC-15DB-410A-995A-5AA92E84AB80}.Debug|x64.Build.0 = Debug|x64
		{55AF1AFC-15DB-410A-995A-5AA92E84AB80}.Debug|x86.ActiveCfg = Debug|Win32
		{55AF1AFC-15DB-410A-995A-5AA92E84AB80}.Debug|x86.Build.0 = Debug|Win32
		{55AF1AFC-15DB-410A-995A-5AA92E84AB80}.Release|x64.ActiveCfg = Release|x64
		{55AF1AFC-15DB-410A-995A-5AA92E84AB80}.Release|x64.Build.0 = Release|x64
		{55AF1AFC-15DB-410A-995A-5AA92E84AB80}.Release|x86.ActiveCfg = Release|Win32
		{55AF1AFC-15DB-410A-995A-5AA92E84AB80}.Release|x86.Build.0 = Release|Win32
		{C608611C-1641-4C1D-8470-A37926585EEE}.Debug|x64.ActiveCfg = Debug|x64
		{C608611C-1641-4C1D-8470-A37926585EEE}.Debug|x64.Build.0 = Debug|x64
		{C608611C-1641-4C1D-8470-A37926585EEE}.Debug|x86.ActiveCfg = Debug|Win32
		{C608611C-1641-4C1D-8470-A37926585EEE}.Debug|x86.Build.0 = Debug|Win32
		{C608611C-1641-4C1D-8470-A37926585EEE}.Release|x64.ActiveCfg = Release|x64
		{C608611C-1641-4C1D-8470-A37926585EEE}.Release|x64.Build.0 = Release|x64
		{C608611C-1641-4C1D-8470-A37926585EEE}.Release|x86.ActiveCfg = Release|Win32
		{C608611C-1641-4C1D-8470-A37926585EEE}.Release|x86.Build.0 = Release|Win32
		{AA7489FF-D6C4-4D3A-A5F3-CDDB6ECDA3C1}.Debug|x64.ActiveCfg = Debug|Win32
		{AA7489FF-D6C4-4D3A-A5F3-CDDB6ECDA3C1}.Debug|x64.Build.0 = Debug|Win32
		{AA7489FF-D6C4-4D3A-A5F3-CDDB6ECDA3C1}.Debug|x86.ActiveCfg = Debug|Win32
		{AA7489FF-D6C4-4D3A-A5F3-CDDB6ECDA3C1}.Debug|x86.Build.0 = Debug|Win32
		{AA7489FF-D6C4-4D3A-A5F3-CDDB6ECDA3C1}.Release|x64.ActiveCfg = Release|Win32
		{AA7489FF-D6C4-4D3A-A5F3-CDDB6ECDA3C1}.Release|x64.Build.0 = Release|Win32
		{AA7489FF-D6C4-4D3A-A5F3-CDDB6ECDA3C1}.Release|x86.ActiveCfg = Release|Win32
		{AA7489FF-D6C4-4D3A-A5F3-CDDB6ECDA3C1}.Release|x86.Build.0 = Release|Win32
	EndGlobalSection
	GlobalSection(SolutionProperties) = preSolution
		HideSolutionNode = FALSE
	EndGlobalSection
	GlobalSection(ExtensibilityGlobals) = postSolution
		SolutionGuid = {CF7ECBCF-8757-4EFC-9CB8-F86E058222D9}
	EndGlobalSection
EndGlobal
