<?xml version="1.0" encoding="utf-8"?>
<Project ToolsVersion="4.0" xmlns="http://schemas.microsoft.com/developer/msbuild/2003">
  <ItemGroup>
    <Filter Include="소스 파일">
      <UniqueIdentifier>{4FC737F1-C7A5-4376-A066-2A32D752A2FF}</UniqueIdentifier>
      <Extensions>cpp;c;cc;cxx;c++;cppm;ixx;def;odl;idl;hpj;bat;asm;asmx</Extensions>
    </Filter>
    <Filter Include="리소스 파일">
      <UniqueIdentifier>{67DA6AB6-F800-4c08-8B7A-83BB121AAD01}</UniqueIdentifier>
      <Extensions>rc;ico;cur;bmp;dlg;rc2;rct;bin;rgs;gif;jpg;jpeg;jpe;resx;tiff;tif;png;wav;mfcribbon-ms</Extensions>
    </Filter>
    <Filter Include="소스 파일\TestObject">
      <UniqueIdentifier>{f18ed269-91e1-40de-8149-bf69c4fd7415}</UniqueIdentifier>
    </Filter>
    <Filter Include="소스 파일\TestAspect">
      <UniqueIdentifier>{81b6dcf8-d450-4357-94a0-b9736e5436e4}</UniqueIdentifier>
    </Filter>
    <Filter Include="소스 파일\TestCase">
      <UniqueIdentifier>{fe8564ad-840e-4b03-9e5c-0779cf26d27a}</UniqueIdentifier>
    </Filter>
  </ItemGroup>
  <ItemGroup>
    <ClInclude Include="typedef.h" />
    <ClInclude Include="TestObject\TestRoot.h">
      <Filter>소스 파일\TestObject</Filter>
    </ClInclude>
    <ClInclude Include="TestAspect\TestLog.h">
      <Filter>소스 파일\TestAspect</Filter>
    </ClInclude>
    <ClInclude Include="TestAspect\TestException.h">
      <Filter>소스 파일\TestAspect</Filter>
    </ClInclude>
    <ClInclude Include="TestCase\TestObject.h">
      <Filter>소스 파일\TestCase</Filter>
    </ClInclude>
    <ClInclude Include="TestCase\TestMain.h">
      <Filter>소스 파일\TestCase</Filter>
    </ClInclude>
    <ClInclude Include="TestCase\TestSuite.h">
      <Filter>소스 파일\TestCase</Filter>
    </ClInclude>
    <ClInclude Include="TestCase\TestCase.h">
      <Filter>소스 파일\TestCase</Filter>
    </ClInclude>
  </ItemGroup>
  <ItemGroup>
    <ClCompile Include="TestObject\TestRoot.cpp">
      <Filter>소스 파일\TestObject</Filter>
    </ClCompile>
    <ClCompile Include="TestAspect\TestException.cpp">
      <Filter>소스 파일\TestAspect</Filter>
    </ClCompile>
    <ClCompile Include="TestAspect\TestLog.cpp">
      <Filter>소스 파일\TestAspect</Filter>
    </ClCompile>
  </ItemGroup>
</Project>