<?xml version="1.0" encoding="utf-8"?>
<Project ToolsVersion="4.0" xmlns="http://schemas.microsoft.com/developer/msbuild/2003">
  <ItemGroup>
    <Filter Include="소스 파일">
      <UniqueIdentifier>{4FC737F1-C7A5-4376-A066-2A32D752A2FF}</UniqueIdentifier>
      <Extensions>cpp;c;cc;cxx;c++;cppm;ixx;def;odl;idl;hpj;bat;asm;asmx</Extensions>
    </Filter>
    <Filter Include="리소스 파일">
      <UniqueIdentifier>{67DA6AB6-F800-4c08-8B7A-83BB121AAD01}</UniqueIdentifier>
      <Extensions>rc;ico;cur;bmp;dlg;rc2;rct;bin;rgs;gif;jpg;jpeg;jpe;resx;tiff;tif;png;wav;mfcribbon-ms</Extensions>
    </Filter>
    <Filter Include="소스 파일\PComponent">
      <UniqueIdentifier>{89059adf-9e57-44f4-8884-0ab0621856e9}</UniqueIdentifier>
    </Filter>
    <Filter Include="소스 파일\PEventQueue">
      <UniqueIdentifier>{b286024f-6a57-47e7-b312-e4aa83f4ba59}</UniqueIdentifier>
    </Filter>
    <Filter Include="소스 파일\PScheduler">
      <UniqueIdentifier>{d18ae02a-a737-482a-a0a7-6878456fc9b7}</UniqueIdentifier>
    </Filter>
    <Filter Include="소스 파일\PMemoryManager">
      <UniqueIdentifier>{c9880e17-2e5f-4bee-abdf-8160f7063f3e}</UniqueIdentifier>
    </Filter>
  </ItemGroup>
  <ItemGroup>
    <ClInclude Include="typedef.h">
      <Filter>소스 파일</Filter>
    </ClInclude>
    <ClInclude Include="PScheduler\PScheduler.h">
      <Filter>소스 파일\PScheduler</Filter>
    </ClInclude>
    <ClInclude Include="PComponent\PComponent.h">
      <Filter>소스 파일\PComponent</Filter>
    </ClInclude>
    <ClInclude Include="PMemoryManager\PMemoryEven.h">
      <Filter>소스 파일\PMemoryManager</Filter>
    </ClInclude>
    <ClInclude Include="PMemoryManager\PMemoryManager.h">
      <Filter>소스 파일\PMemoryManager</Filter>
    </ClInclude>
    <ClInclude Include="PMemoryManager\PMemoryVariable.h">
      <Filter>소스 파일\PMemoryManager</Filter>
    </ClInclude>
    <ClInclude Include="PEventQueue\PEventQueue.h">
      <Filter>소스 파일\PEventQueue</Filter>
    </ClInclude>
    <ClInclude Include="PComponent\PComponentPart.h">
      <Filter>소스 파일\PComponent</Filter>
    </ClInclude>
  </ItemGroup>
  <ItemGroup>
    <ClCompile Include="PScheduler\PScheduler.cpp">
      <Filter>소스 파일\PScheduler</Filter>
    </ClCompile>
    <ClCompile Include="PEventQueue\PEventQueue.cpp">
      <Filter>소스 파일\PEventQueue</Filter>
    </ClCompile>
    <ClCompile Include="PComponent\PComponent.cpp">
      <Filter>소스 파일\PComponent</Filter>
    </ClCompile>
    <ClCompile Include="PMemoryManager\PMemoryEven.cpp">
      <Filter>소스 파일\PMemoryManager</Filter>
    </ClCompile>
    <ClCompile Include="PMemoryManager\PMemoryManager.cpp">
      <Filter>소스 파일\PMemoryManager</Filter>
    </ClCompile>
    <ClCompile Include="PMemoryManager\PMemoryVariable.cpp">
      <Filter>소스 파일\PMemoryManager</Filter>
    </ClCompile>
    <ClCompile Include="PComponent\PComponentPart.cpp">
      <Filter>소스 파일\PComponent</Filter>
    </ClCompile>
  </ItemGroup>
</Project>