<?xml version="1.0" encoding="utf-8"?>
<Project ToolsVersion="4.0" xmlns="http://schemas.microsoft.com/developer/msbuild/2003">
  <ItemGroup>
    <Filter Include="소스 파일">
      <UniqueIdentifier>{4FC737F1-C7A5-4376-A066-2A32D752A2FF}</UniqueIdentifier>
      <Extensions>cpp;c;cc;cxx;c++;cppm;ixx;def;odl;idl;hpj;bat;asm;asmx</Extensions>
    </Filter>
    <Filter Include="리소스 파일">
      <UniqueIdentifier>{67DA6AB6-F800-4c08-8B7A-83BB121AAD01}</UniqueIdentifier>
      <Extensions>rc;ico;cur;bmp;dlg;rc2;rct;bin;rgs;gif;jpg;jpeg;jpe;resx;tiff;tif;png;wav;mfcribbon-ms</Extensions>
    </Filter>
    <Filter Include="소스 파일\PTimer">
      <UniqueIdentifier>{aa125a87-89fd-4822-ae67-8548adac00dc}</UniqueIdentifier>
    </Filter>
    <Filter Include="소스 파일\PSocketServer">
      <UniqueIdentifier>{24bafcba-6153-4fee-a550-5cc303badec4}</UniqueIdentifier>
    </Filter>
    <Filter Include="소스 파일\PSocketClient">
      <UniqueIdentifier>{7aa08792-a83d-4b45-a367-e53c8b020cac}</UniqueIdentifier>
    </Filter>
    <Filter Include="소스 파일\PProtocol">
      <UniqueIdentifier>{dac3116b-b9a0-42c1-b99f-d195751180b8}</UniqueIdentifier>
    </Filter>
  </ItemGroup>
  <ItemGroup>
    <ClInclude Include="typedef.h">
      <Filter>소스 파일</Filter>
    </ClInclude>
    <ClInclude Include="PSocketServer\PSocketServer.h">
      <Filter>소스 파일\PSocketServer</Filter>
    </ClInclude>
    <ClInclude Include="PSocketClient\PSocketClient.h">
      <Filter>소스 파일\PSocketClient</Filter>
    </ClInclude>
    <ClInclude Include="PSocketServer\PSocketServerWorker.h">
      <Filter>소스 파일\PSocketServer</Filter>
    </ClInclude>
    <ClInclude Include="PTimer\PTimer.h">
      <Filter>소스 파일\PTimer</Filter>
    </ClInclude>
    <ClInclude Include="PProtocol\RSTP.h">
      <Filter>소스 파일\PProtocol</Filter>
    </ClInclude>
  </ItemGroup>
  <ItemGroup>
    <ClCompile Include="PSocketServer\PSocketServer.cpp">
      <Filter>소스 파일\PSocketServer</Filter>
    </ClCompile>
    <ClCompile Include="PSocketClient\PSocketClient.cpp">
      <Filter>소스 파일\PSocketClient</Filter>
    </ClCompile>
    <ClCompile Include="PSocketServer\PSocketServerWorker.cpp">
      <Filter>소스 파일\PSocketServer</Filter>
    </ClCompile>
    <ClCompile Include="PTimer\PTimer.cpp">
      <Filter>소스 파일\PTimer</Filter>
    </ClCompile>
    <ClCompile Include="PProtocol\RSTP.cpp">
      <Filter>소스 파일\PProtocol</Filter>
    </ClCompile>
  </ItemGroup>
</Project>