<?xml version="1.0" encoding="utf-8"?>
<Project ToolsVersion="4.0" xmlns="http://schemas.microsoft.com/developer/msbuild/2003">
  <ItemGroup>
    <Filter Include="소스 파일">
      <UniqueIdentifier>{4FC737F1-C7A5-4376-A066-2A32D752A2FF}</UniqueIdentifier>
      <Extensions>cpp;c;cc;cxx;c++;cppm;ixx;def;odl;idl;hpj;bat;asm;asmx</Extensions>
    </Filter>
    <Filter Include="리소스 파일">
      <UniqueIdentifier>{67DA6AB6-F800-4c08-8B7A-83BB121AAD01}</UniqueIdentifier>
      <Extensions>rc;ico;cur;bmp;dlg;rc2;rct;bin;rgs;gif;jpg;jpeg;jpe;resx;tiff;tif;png;wav;mfcribbon-ms</Extensions>
    </Filter>
    <Filter Include="소스 파일\MemoryManager">
      <UniqueIdentifier>{9001f723-0cf3-4b91-b93c-a2285f83c56f}</UniqueIdentifier>
    </Filter>
  </ItemGroup>
  <ItemGroup>
    <ClInclude Include="typedef.h">
      <Filter>소스 파일</Filter>
    </ClInclude>
    <ClInclude Include="MemoryManager\Memory.h">
      <Filter>소스 파일\MemoryManager</Filter>
    </ClInclude>
    <ClInclude Include="MemoryManager\PageList.h">
      <Filter>소스 파일\MemoryManager</Filter>
    </ClInclude>
    <ClInclude Include="MemoryManager\SystemMemoryObject.h">
      <Filter>소스 파일\MemoryManager</Filter>
    </ClInclude>
    <ClInclude Include="MemoryManager\PageIndex.h">
      <Filter>소스 파일\MemoryManager</Filter>
    </ClInclude>
    <ClInclude Include="MemoryManager\SlotList.h">
      <Filter>소스 파일\MemoryManager</Filter>
    </ClInclude>
  </ItemGroup>
  <ItemGroup>
    <ClCompile Include="MemoryManager\SystemMemoryObject.cpp">
      <Filter>소스 파일\MemoryManager</Filter>
    </ClCompile>
    <ClCompile Include="MemoryManager\SlotList.cpp">
      <Filter>소스 파일\MemoryManager</Filter>
    </ClCompile>
  </ItemGroup>
</Project>