<?xml version="1.0" encoding="utf-8"?>
<Project ToolsVersion="4.0" xmlns="http://schemas.microsoft.com/developer/msbuild/2003">
  <ItemGroup>
    <Filter Include="리소스 파일">
      <UniqueIdentifier>{67DA6AB6-F800-4c08-8B7A-83BB121AAD01}</UniqueIdentifier>
      <Extensions>rc;ico;cur;bmp;dlg;rc2;rct;bin;rgs;gif;jpg;jpeg;jpe;resx;tiff;tif;png;wav;mfcribbon-ms</Extensions>
    </Filter>
    <Filter Include="01Global">
      <UniqueIdentifier>{50e47d79-baf7-43b6-8529-7180ef8f6503}</UniqueIdentifier>
    </Filter>
    <Filter Include="01Global\Object">
      <UniqueIdentifier>{14c04230-68f2-4b86-813a-169e1eac9e82}</UniqueIdentifier>
    </Filter>
    <Filter Include="01Global\MemoryManager">
      <UniqueIdentifier>{a233c174-9e95-47bb-8c4b-38a7ed83d130}</UniqueIdentifier>
    </Filter>
    <Filter Include="02Utility">
      <UniqueIdentifier>{d123e90d-e84d-490c-9443-01e491cbf5d9}</UniqueIdentifier>
    </Filter>
    <Filter Include="02Utility\Map">
      <UniqueIdentifier>{5e544207-c964-4b92-8d3d-38ed6a2b76de}</UniqueIdentifier>
    </Filter>
    <Filter Include="02Utility\Queue">
      <UniqueIdentifier>{75d11869-d015-4d8c-ae93-8419212c3122}</UniqueIdentifier>
    </Filter>
    <Filter Include="02Utility\Vector">
      <UniqueIdentifier>{efc369c0-fcba-4da4-b897-7df5add34906}</UniqueIdentifier>
    </Filter>
    <Filter Include="02Utility\String">
      <UniqueIdentifier>{d3e444c3-0f8b-44e9-a002-fb0ba9339de0}</UniqueIdentifier>
    </Filter>
    <Filter Include="03Core">
      <UniqueIdentifier>{43f03344-8935-4b9e-8dd8-6b0486f824d8}</UniqueIdentifier>
    </Filter>
    <Filter Include="07Application">
      <UniqueIdentifier>{57f8338c-99ab-4d9a-aa26-f0c7d7485f1b}</UniqueIdentifier>
    </Filter>
    <Filter Include="07Application\LifecycleManager">
      <UniqueIdentifier>{b77d1c99-7b52-4f7d-84b4-b6fe11cba6aa}</UniqueIdentifier>
    </Filter>
    <Filter Include="17PApplication">
      <UniqueIdentifier>{8eddcd07-16b9-44e3-a4d7-2b005bcb563a}</UniqueIdentifier>
    </Filter>
    <Filter Include="17PApplication\PMain">
      <UniqueIdentifier>{3b1923ba-573b-4360-a627-1da961e197ff}</UniqueIdentifier>
    </Filter>
    <Filter Include="17PApplication\PLifecycleManager">
      <UniqueIdentifier>{8d26b9b4-97d6-4a91-8940-c8662671c4d7}</UniqueIdentifier>
    </Filter>
    <Filter Include="07Application\Main">
      <UniqueIdentifier>{accf705a-9018-4adb-b597-2c2a4f897b55}</UniqueIdentifier>
    </Filter>
    <Filter Include="09Test">
      <UniqueIdentifier>{1e18e21f-9004-43ce-8f58-66a64e5b452d}</UniqueIdentifier>
    </Filter>
    <Filter Include="19PTest">
      <UniqueIdentifier>{5a1b6f66-2c3e-496e-aa70-9edf078478a0}</UniqueIdentifier>
    </Filter>
    <Filter Include="19PTest\TestSuit">
      <UniqueIdentifier>{36a88f6a-4f5d-4af8-9a82-eb9f72f9636c}</UniqueIdentifier>
    </Filter>
    <Filter Include="19PTest\TestCase">
      <UniqueIdentifier>{1d2704b4-dd3c-48c9-8803-c5804c4b2a7e}</UniqueIdentifier>
    </Filter>
    <Filter Include="09Test\TestCase">
      <UniqueIdentifier>{3c3bdb93-34eb-44cd-b605-c39108e0cc3e}</UniqueIdentifier>
    </Filter>
    <Filter Include="09Test\TestSuit">
      <UniqueIdentifier>{5eae2e49-f9c5-4afb-bd85-01f1b036439a}</UniqueIdentifier>
    </Filter>
    <Filter Include="15PTechnical">
      <UniqueIdentifier>{c353d403-b8ce-4a57-9d03-a6f9e61f21a4}</UniqueIdentifier>
    </Filter>
    <Filter Include="15PTechnical\PMemoryManager">
      <UniqueIdentifier>{cb75f732-b8ed-44b4-b711-3b316b69729d}</UniqueIdentifier>
    </Filter>
    <Filter Include="03Core\Component">
      <UniqueIdentifier>{aa2246c9-c34b-4bc3-8f1e-85a2c4de8d4d}</UniqueIdentifier>
    </Filter>
  </ItemGroup>
  <ItemGroup>
    <ClInclude Include="01Global\TypeDef.h">
      <Filter>01Global</Filter>
    </ClInclude>
    <ClInclude Include="01Global\Object\Object.h">
      <Filter>01Global\Object</Filter>
    </ClInclude>
    <ClInclude Include="01Global\Object\ValueObject.h">
      <Filter>01Global\Object</Filter>
    </ClInclude>
    <ClInclude Include="01Global\MemoryManager\Memory.h">
      <Filter>01Global\MemoryManager</Filter>
    </ClInclude>
    <ClInclude Include="01Global\MemoryManager\MemoryManager.h">
      <Filter>01Global\MemoryManager</Filter>
    </ClInclude>
    <ClInclude Include="01Global\MemoryManager\Segment.h">
      <Filter>01Global\MemoryManager</Filter>
    </ClInclude>
    <ClInclude Include="02Utility\Map\Map.h">
      <Filter>02Utility\Map</Filter>
    </ClInclude>
    <ClInclude Include="02Utility\Map\Pair.h">
      <Filter>02Utility\Map</Filter>
    </ClInclude>
    <ClInclude Include="02Utility\Map\PairIterator.h">
      <Filter>02Utility\Map</Filter>
    </ClInclude>
    <ClInclude Include="02Utility\Queue\Queue.h">
      <Filter>02Utility\Queue</Filter>
    </ClInclude>
    <ClInclude Include="02Utility\Vector\Vector.h">
      <Filter>02Utility\Vector</Filter>
    </ClInclude>
    <ClInclude Include="02Utility\Vector\VectorIterator.h">
      <Filter>02Utility\Vector</Filter>
    </ClInclude>
    <ClInclude Include="02Utility\String\String.h">
      <Filter>02Utility\String</Filter>
    </ClInclude>
    <ClInclude Include="02Utility\TypeDef.h">
      <Filter>02Utility</Filter>
    </ClInclude>
    <ClInclude Include="07Application\TypeDef.h">
      <Filter>07Application</Filter>
    </ClInclude>
    <ClInclude Include="17PApplication\TypeDef.h">
      <Filter>17PApplication</Filter>
    </ClInclude>
    <ClInclude Include="17PApplication\PMain\PMain.h">
      <Filter>17PApplication\PMain</Filter>
    </ClInclude>
    <ClInclude Include="07Application\Main\Main.h">
      <Filter>07Application\Main</Filter>
    </ClInclude>
    <ClInclude Include="19PTest\PTestSuit\PTestSuit.h">
      <Filter>19PTest\TestSuit</Filter>
    </ClInclude>
    <ClInclude Include="19PTest\PTestCase\PTestCase.h">
      <Filter>19PTest\TestCase</Filter>
    </ClInclude>
    <ClInclude Include="09Test\TypeDef.h">
      <Filter>09Test</Filter>
    </ClInclude>
    <ClInclude Include="09Test\TestSuit\TestSuit.h">
      <Filter>09Test\TestSuit</Filter>
    </ClInclude>
    <ClInclude Include="09Test\TestCase\TestCase.h">
      <Filter>09Test\TestCase</Filter>
    </ClInclude>
    <ClInclude Include="15PTechnical\PMemoryManager\PMemory.h">
      <Filter>15PTechnical\PMemoryManager</Filter>
    </ClInclude>
    <ClInclude Include="15PTechnical\PMemoryManager\PMemoryManager.h">
      <Filter>15PTechnical\PMemoryManager</Filter>
    </ClInclude>
    <ClInclude Include="03Core\Component\Message.h">
      <Filter>03Core\Component</Filter>
    </ClInclude>
    <ClInclude Include="03Core\Component\UId.h">
      <Filter>03Core\Component</Filter>
    </ClInclude>
  </ItemGroup>
  <ItemGroup>
    <ClCompile Include="01Global\Object\Object.cpp">
      <Filter>01Global\Object</Filter>
    </ClCompile>
    <ClCompile Include="01Global\Object\ValueObject.cpp">
      <Filter>01Global\Object</Filter>
    </ClCompile>
    <ClCompile Include="01Global\MemoryManager\Memory.cpp">
      <Filter>01Global\MemoryManager</Filter>
    </ClCompile>
    <ClCompile Include="01Global\MemoryManager\MemoryManager.cpp">
      <Filter>01Global\MemoryManager</Filter>
    </ClCompile>
    <ClCompile Include="01Global\MemoryManager\Segment.cpp">
      <Filter>01Global\MemoryManager</Filter>
    </ClCompile>
    <ClCompile Include="02Utility\Map\Map.cpp">
      <Filter>02Utility\Map</Filter>
    </ClCompile>
    <ClCompile Include="17PApplication\PMain\PMain.cpp">
      <Filter>17PApplication\PMain</Filter>
    </ClCompile>
    <ClCompile Include="07Application\Main\Main.cpp">
      <Filter>07Application\Main</Filter>
    </ClCompile>
    <ClCompile Include="19PTest\PTestSuit\PTestSuit.cpp">
      <Filter>19PTest\TestSuit</Filter>
    </ClCompile>
    <ClCompile Include="19PTest\PTestCase\PTestCase.cpp">
      <Filter>19PTest\TestCase</Filter>
    </ClCompile>
    <ClCompile Include="09Test\TestSuit\TestSuit.cpp">
      <Filter>09Test\TestSuit</Filter>
    </ClCompile>
    <ClCompile Include="09Test\TestCase\TestCase.cpp">
      <Filter>09Test\TestCase</Filter>
    </ClCompile>
    <ClCompile Include="15PTechnical\PMemoryManager\PMemory.cpp">
      <Filter>15PTechnical\PMemoryManager</Filter>
    </ClCompile>
    <ClCompile Include="15PTechnical\PMemoryManager\PMemoryManager.cpp">
      <Filter>15PTechnical\PMemoryManager</Filter>
    </ClCompile>
    <ClCompile Include="03Core\Component\Message.cpp">
      <Filter>03Core\Component</Filter>
    </ClCompile>
  </ItemGroup>
</Project>