<?xml version="1.0" encoding="utf-8"?>
<Project ToolsVersion="4.0" xmlns="http://schemas.microsoft.com/developer/msbuild/2003">
  <ItemGroup>
    <Filter Include="소스 파일">
      <UniqueIdentifier>{4FC737F1-C7A5-4376-A066-2A32D752A2FF}</UniqueIdentifier>
      <Extensions>cpp;c;cc;cxx;c++;cppm;ixx;def;odl;idl;hpj;bat;asm;asmx</Extensions>
    </Filter>
    <Filter Include="헤더 파일">
      <UniqueIdentifier>{93995380-89BD-4b04-88EB-625FBE52EBFB}</UniqueIdentifier>
      <Extensions>h;hh;hpp;hxx;h++;hm;inl;inc;ipp;xsd</Extensions>
    </Filter>
    <Filter Include="리소스 파일">
      <UniqueIdentifier>{67DA6AB6-F800-4c08-8B7A-83BB121AAD01}</UniqueIdentifier>
      <Extensions>rc;ico;cur;bmp;dlg;rc2;rct;bin;rgs;gif;jpg;jpeg;jpe;resx;tiff;tif;png;wav;mfcribbon-ms</Extensions>
    </Filter>
  </ItemGroup>
  <ItemGroup>
    <ClCompile Include="01Global\MemoryManager\Memory.cpp">
      <Filter>소스 파일</Filter>
    </ClCompile>
    <ClCompile Include="01Global\MemoryManager\MemoryManager.cpp">
      <Filter>소스 파일</Filter>
    </ClCompile>
    <ClCompile Include="01Global\MemoryManager\Segment.cpp">
      <Filter>소스 파일</Filter>
    </ClCompile>
    <ClCompile Include="01Global\Object\Object.cpp">
      <Filter>소스 파일</Filter>
    </ClCompile>
    <ClCompile Include="01Global\Object\ValueObject.cpp">
      <Filter>소스 파일</Filter>
    </ClCompile>
    <ClCompile Include="02Utility\BTree\BTree.cpp">
      <Filter>소스 파일</Filter>
    </ClCompile>
    <ClCompile Include="02Utility\BTree\BTreeNode.cpp">
      <Filter>소스 파일</Filter>
    </ClCompile>
    <ClCompile Include="02Utility\Map\Map.cpp">
      <Filter>소스 파일</Filter>
    </ClCompile>
    <ClCompile Include="03Core\Component\Component.cpp">
      <Filter>소스 파일</Filter>
    </ClCompile>
    <ClCompile Include="03Core\Component\Log.cpp">
      <Filter>소스 파일</Filter>
    </ClCompile>
    <ClCompile Include="03Core\Component\Message.cpp">
      <Filter>소스 파일</Filter>
    </ClCompile>
    <ClCompile Include="05Technical\device\Device.cpp">
      <Filter>소스 파일</Filter>
    </ClCompile>
    <ClCompile Include="05Technical\Timer\Timer.cpp">
      <Filter>소스 파일</Filter>
    </ClCompile>
    <ClCompile Include="06Domain\loader\Executor.cpp">
      <Filter>소스 파일</Filter>
    </ClCompile>
    <ClCompile Include="06Domain\loader\Loader.cpp">
      <Filter>소스 파일</Filter>
    </ClCompile>
    <ClCompile Include="06Domain\Receiver\Receiver.cpp">
      <Filter>소스 파일</Filter>
    </ClCompile>
    <ClCompile Include="06Domain\Sender\Sender.cpp">
      <Filter>소스 파일</Filter>
    </ClCompile>
    <ClCompile Include="07Application\LifecycleManager\LifecycleManager.cpp">
      <Filter>소스 파일</Filter>
    </ClCompile>
    <ClCompile Include="07Application\MainTask\MainTask.cpp">
      <Filter>소스 파일</Filter>
    </ClCompile>
    <ClCompile Include="15PTechnical\PMemoryManager\PMemory.cpp">
      <Filter>소스 파일</Filter>
    </ClCompile>
    <ClCompile Include="15PTechnical\PMemoryManager\PMemoryManager.cpp">
      <Filter>소스 파일</Filter>
    </ClCompile>
    <ClCompile Include="15PTechnical\PTask\PComponentMsgVector.cpp">
      <Filter>소스 파일</Filter>
    </ClCompile>
    <ClCompile Include="15PTechnical\PTask\PTask.cpp">
      <Filter>소스 파일</Filter>
    </ClCompile>
    <ClCompile Include="15PTechnical\PTask\PTaskMsgQueue.cpp">
      <Filter>소스 파일</Filter>
    </ClCompile>
    <ClCompile Include="15PTechnical\PTimer\PTimer.cpp">
      <Filter>소스 파일</Filter>
    </ClCompile>
    <ClCompile Include="15PTechnical\usb\ComponentUSBOS.cpp">
      <Filter>소스 파일</Filter>
    </ClCompile>
    <ClCompile Include="17PApplication\PLifecycleManager\PLifecycleManager.cpp">
      <Filter>소스 파일</Filter>
    </ClCompile>
    <ClCompile Include="17PApplication\PMain\PMain.cpp">
      <Filter>소스 파일</Filter>
    </ClCompile>
    <ClCompile Include="17PApplication\PMain\PMainTask.cpp">
      <Filter>소스 파일</Filter>
    </ClCompile>
  </ItemGroup>
  <ItemGroup>
    <ClInclude Include="01Global\MemoryManager\Memory.h">
      <Filter>헤더 파일</Filter>
    </ClInclude>
    <ClInclude Include="01Global\MemoryManager\MemoryManager.h">
      <Filter>헤더 파일</Filter>
    </ClInclude>
    <ClInclude Include="01Global\MemoryManager\Segment.h">
      <Filter>헤더 파일</Filter>
    </ClInclude>
    <ClInclude Include="01Global\Object\Object.h">
      <Filter>헤더 파일</Filter>
    </ClInclude>
    <ClInclude Include="01Global\Object\ValueObject.h">
      <Filter>헤더 파일</Filter>
    </ClInclude>
    <ClInclude Include="01Global\TypeDef.h">
      <Filter>헤더 파일</Filter>
    </ClInclude>
    <ClInclude Include="02Utility\BTree\BTree.h">
      <Filter>헤더 파일</Filter>
    </ClInclude>
    <ClInclude Include="02Utility\BTree\BtreeNode.h">
      <Filter>헤더 파일</Filter>
    </ClInclude>
    <ClInclude Include="02Utility\Map\Map.h">
      <Filter>헤더 파일</Filter>
    </ClInclude>
    <ClInclude Include="02Utility\Map\Pair.h">
      <Filter>헤더 파일</Filter>
    </ClInclude>
    <ClInclude Include="02Utility\Map\PairIterator.h">
      <Filter>헤더 파일</Filter>
    </ClInclude>
    <ClInclude Include="02Utility\Queue\Queue.h">
      <Filter>헤더 파일</Filter>
    </ClInclude>
    <ClInclude Include="02Utility\String\String.h">
      <Filter>헤더 파일</Filter>
    </ClInclude>
    <ClInclude Include="02Utility\TypeDef.h">
      <Filter>헤더 파일</Filter>
    </ClInclude>
    <ClInclude Include="02Utility\Vector\Vector.h">
      <Filter>헤더 파일</Filter>
    </ClInclude>
    <ClInclude Include="02Utility\Vector\VectorIterator.h">
      <Filter>헤더 파일</Filter>
    </ClInclude>
    <ClInclude Include="03Core\Component\Component.h">
      <Filter>헤더 파일</Filter>
    </ClInclude>
    <ClInclude Include="03Core\Component\ComponentMsgVector.h">
      <Filter>헤더 파일</Filter>
    </ClInclude>
    <ClInclude Include="03Core\Component\Log.h">
      <Filter>헤더 파일</Filter>
    </ClInclude>
    <ClInclude Include="03Core\Component\Message.h">
      <Filter>헤더 파일</Filter>
    </ClInclude>
    <ClInclude Include="03Core\Component\UId.h">
      <Filter>헤더 파일</Filter>
    </ClInclude>
    <ClInclude Include="03Core\Task\Task.h">
      <Filter>헤더 파일</Filter>
    </ClInclude>
    <ClInclude Include="03Core\Task\TaskMsgQueue.h">
      <Filter>헤더 파일</Filter>
    </ClInclude>
    <ClInclude Include="03Core\Typedef.h">
      <Filter>헤더 파일</Filter>
    </ClInclude>
    <ClInclude Include="04Aspect\Exception\ExceptionManager.h">
      <Filter>헤더 파일</Filter>
    </ClInclude>
    <ClInclude Include="04Aspect\TypeDef.h">
      <Filter>헤더 파일</Filter>
    </ClInclude>
    <ClInclude Include="05Technical\device\Device.h">
      <Filter>헤더 파일</Filter>
    </ClInclude>
    <ClInclude Include="05Technical\Timer\Timer.h">
      <Filter>헤더 파일</Filter>
    </ClInclude>
    <ClInclude Include="05Technical\Typedef.h">
      <Filter>헤더 파일</Filter>
    </ClInclude>
    <ClInclude Include="06Domain\loader\Executor.h">
      <Filter>헤더 파일</Filter>
    </ClInclude>
    <ClInclude Include="06Domain\loader\Loader.h">
      <Filter>헤더 파일</Filter>
    </ClInclude>
    <ClInclude Include="06Domain\loader\LoaderData.h">
      <Filter>헤더 파일</Filter>
    </ClInclude>
    <ClInclude Include="06Domain\loader\UserTask.h">
      <Filter>헤더 파일</Filter>
    </ClInclude>
    <ClInclude Include="06Domain\Receiver\Receiver.h">
      <Filter>헤더 파일</Filter>
    </ClInclude>
    <ClInclude Include="06Domain\Sender\Sender.h">
      <Filter>헤더 파일</Filter>
    </ClInclude>
    <ClInclude Include="06Domain\TypeDef.h">
      <Filter>헤더 파일</Filter>
    </ClInclude>
    <ClInclude Include="06Domain\userProgram\UserProgram.h">
      <Filter>헤더 파일</Filter>
    </ClInclude>
    <ClInclude Include="06Domain\userProgram\UserProgramBlock.h">
      <Filter>헤더 파일</Filter>
    </ClInclude>
    <ClInclude Include="07Application\LifecycleManager\LifecycleManager.h">
      <Filter>헤더 파일</Filter>
    </ClInclude>
    <ClInclude Include="07Application\MainTask\MainTask.h">
      <Filter>헤더 파일</Filter>
    </ClInclude>
    <ClInclude Include="07Application\TypeDef.h">
      <Filter>헤더 파일</Filter>
    </ClInclude>
    <ClInclude Include="14PAspect\PException\PExceptionManager.h">
      <Filter>헤더 파일</Filter>
    </ClInclude>
    <ClInclude Include="14PAspect\Typedef.h">
      <Filter>헤더 파일</Filter>
    </ClInclude>
    <ClInclude Include="15PTechnical\PMemoryManager\PMemory.h">
      <Filter>헤더 파일</Filter>
    </ClInclude>
    <ClInclude Include="15PTechnical\PMemoryManager\PMemoryManager.h">
      <Filter>헤더 파일</Filter>
    </ClInclude>
    <ClInclude Include="15PTechnical\PTask\PComponentMsgVector.h">
      <Filter>헤더 파일</Filter>
    </ClInclude>
    <ClInclude Include="15PTechnical\PTask\PTask.h">
      <Filter>헤더 파일</Filter>
    </ClInclude>
    <ClInclude Include="15PTechnical\PTask\PTaskMsgQueue.h">
      <Filter>헤더 파일</Filter>
    </ClInclude>
    <ClInclude Include="15PTechnical\PTimer\PTimer.h">
      <Filter>헤더 파일</Filter>
    </ClInclude>
    <ClInclude Include="15PTechnical\Typedef.h">
      <Filter>헤더 파일</Filter>
    </ClInclude>
    <ClInclude Include="15PTechnical\usb\ComponentUSBOS.h">
      <Filter>헤더 파일</Filter>
    </ClInclude>
    <ClInclude Include="17PApplication\PLifecycleManager\PLifecycleManager.h">
      <Filter>헤더 파일</Filter>
    </ClInclude>
    <ClInclude Include="17PApplication\PMain\PMainTask.h">
      <Filter>헤더 파일</Filter>
    </ClInclude>
    <ClInclude Include="17PApplication\TypeDef.h">
      <Filter>헤더 파일</Filter>
    </ClInclude>
  </ItemGroup>
</Project>