<?xml version="1.0" encoding="utf-8"?>
<Project ToolsVersion="4.0" xmlns="http://schemas.microsoft.com/developer/msbuild/2003">
  <ItemGroup>
    <Filter Include="Source">
      <UniqueIdentifier>{a75653ae-5ec0-49f2-9b47-fd15c1e38c34}</UniqueIdentifier>
    </Filter>
  </ItemGroup>
  <ItemGroup>
    <ClCompile Include="Source\CRtspSession.cpp">
      <Filter>Source</Filter>
    </ClCompile>
    <ClCompile Include="Source\CStreamer.cpp">
      <Filter>Source</Filter>
    </ClCompile>
    <ClCompile Include="Source\JPEGSamples.cpp">
      <Filter>Source</Filter>
    </ClCompile>
    <ClCompile Include="Source\RTSPTestServer.cpp">
      <Filter>Source</Filter>
    </ClCompile>
    <ClCompile Include="Source\stdafx.cpp">
      <Filter>Source</Filter>
    </ClCompile>
  </ItemGroup>
  <ItemGroup>
    <ClInclude Include="Source\CRtspSession.h">
      <Filter>Source</Filter>
    </ClInclude>
    <ClInclude Include="Source\CStreamer.h">
      <Filter>Source</Filter>
    </ClInclude>
    <ClInclude Include="Source\JPEGSamples.h">
      <Filter>Source</Filter>
    </ClInclude>
    <ClInclude Include="Source\stdafx.h">
      <Filter>Source</Filter>
    </ClInclude>
    <ClInclude Include="Source\targetver.h">
      <Filter>Source</Filter>
    </ClInclude>
  </ItemGroup>
</Project>